
Microsoft Visual Studio Solution File, Format Version 12.00
# Visual Studio Version 17
VisualStudioVersion = 17.0.32112.339
MinimumVisualStudioVersion = 10.0.40219.1
Project("{8BC9CEB8-8B4A-11D0-8D11-00A0C91BC942}") = "Problems", "HackerRank\HackerRank.vcxproj", "{8D881592-B81F-4E75-B6E0-94BC1742E18C}"
EndProject
Project("{8BC9CEB8-8B4A-11D0-8D11-00A0C91BC942}") = "LinkedInLearning", "LinkedInLearning\LinkedInLearning.vcxproj", "{12496E21-6E53-45E1-A7AF-0EFB3443E7C3}"
EndProject
Project("{8BC9CEB8-8B4A-11D0-8D11-00A0C91BC942}") = "12_Hashing_Change_Date_Format", "12_Hashing_Change_Date_Format\12_Hashing_Change_Date_Format.vcxproj", "{562ACDEA-880E-41D8-B2E7-92E565017DAF}"
EndProject
Project("{8BC9CEB8-8B4A-11D0-8D11-00A0C91BC942}") = "12_Hashing_Hotel_Occurences", "12_Hashing_Hotel_Occurences\12_Hashing_Hotel_Occurences.vcxproj", "{97799C78-6445-4D48-8B5F-EE09EC97DD1C}"
EndProject
Project("{8BC9CEB8-8B4A-11D0-8D11-00A0C91BC942}") = "AssignmentOperator", "AssignmentOperator\AssignmentOperator.vcxproj", "{A39E4306-8E01-4C0F-8A9B-693769494302}"
EndProject
Project("{8BC9CEB8-8B4A-11D0-8D11-00A0C91BC942}") = "SortingAVector", "SortingAVector\SortingAVector.vcxproj", "{56C87E65-247C-4319-8FE5-50B110880568}"
EndProject
Project("{8BC9CEB8-8B4A-11D0-8D11-00A0C91BC942}") = "DateTimeInC", "DateTimeInC\DateTimeInC.vcxproj", "{9BE43114-A1BC-49F4-9960-FC680DAE7F26}"
EndProject
Project("{8BC9CEB8-8B4A-11D0-8D11-00A0C91BC942}") = "KthSmallest", "KthSmallest\KthSmallest.vcxproj", "{BDB84736-410C-4C7F-BD5D-A8E9FC0A162B}"
EndProject
Project("{8BC9CEB8-8B4A-11D0-8D11-00A0C91BC942}") = "NobleInteger", "NobleInteger\NobleInteger.vcxproj", "{9F1599FC-B521-4813-A0AF-717FD12C2B14}"
EndProject
Project("{8BC9CEB8-8B4A-11D0-8D11-00A0C91BC942}") = "Arithmetic_progression", "Arithmentic_progression\Arithmentic_progression.vcxproj", "{CD867C8D-8BBF-4AEE-9D8F-2ED544EE6E01}"
EndProject
Project("{8BC9CEB8-8B4A-11D0-8D11-00A0C91BC942}") = "ElementsRemoval", "ElementsRemoval\ElementsRemoval.vcxproj", "{D183C6D0-59B2-4F87-A18A-77CFDCE1A15A}"
EndProject
Global
	GlobalSection(SolutionConfigurationPlatforms) = preSolution
		Debug|x64 = Debug|x64
		Debug|x86 = Debug|x86
		Release|x64 = Release|x64
		Release|x86 = Release|x86
	EndGlobalSection
	GlobalSection(ProjectConfigurationPlatforms) = postSolution
		{8D881592-B81F-4E75-B6E0-94BC1742E18C}.Debug|x64.ActiveCfg = Debug|x64
		{8D881592-B81F-4E75-B6E0-94BC1742E18C}.Debug|x64.Build.0 = Debug|x64
		{8D881592-B81F-4E75-B6E0-94BC1742E18C}.Debug|x86.ActiveCfg = Debug|Win32
		{8D881592-B81F-4E75-B6E0-94BC1742E18C}.Debug|x86.Build.0 = Debug|Win32
		{8D881592-B81F-4E75-B6E0-94BC1742E18C}.Release|x64.ActiveCfg = Release|x64
		{8D881592-B81F-4E75-B6E0-94BC1742E18C}.Release|x64.Build.0 = Release|x64
		{8D881592-B81F-4E75-B6E0-94BC1742E18C}.Release|x86.ActiveCfg = Release|Win32
		{8D881592-B81F-4E75-B6E0-94BC1742E18C}.Release|x86.Build.0 = Release|Win32
		{12496E21-6E53-45E1-A7AF-0EFB3443E7C3}.Debug|x64.ActiveCfg = Debug|x64
		{12496E21-6E53-45E1-A7AF-0EFB3443E7C3}.Debug|x64.Build.0 = Debug|x64
		{12496E21-6E53-45E1-A7AF-0EFB3443E7C3}.Debug|x86.ActiveCfg = Debug|Win32
		{12496E21-6E53-45E1-A7AF-0EFB3443E7C3}.Debug|x86.Build.0 = Debug|Win32
		{12496E21-6E53-45E1-A7AF-0EFB3443E7C3}.Release|x64.ActiveCfg = Release|x64
		{12496E21-6E53-45E1-A7AF-0EFB3443E7C3}.Release|x64.Build.0 = Release|x64
		{12496E21-6E53-45E1-A7AF-0EFB3443E7C3}.Release|x86.ActiveCfg = Release|Win32
		{12496E21-6E53-45E1-A7AF-0EFB3443E7C3}.Release|x86.Build.0 = Release|Win32
		{562ACDEA-880E-41D8-B2E7-92E565017DAF}.Debug|x64.ActiveCfg = Debug|x64
		{562ACDEA-880E-41D8-B2E7-92E565017DAF}.Debug|x64.Build.0 = Debug|x64
		{562ACDEA-880E-41D8-B2E7-92E565017DAF}.Debug|x86.ActiveCfg = Debug|Win32
		{562ACDEA-880E-41D8-B2E7-92E565017DAF}.Debug|x86.Build.0 = Debug|Win32
		{562ACDEA-880E-41D8-B2E7-92E565017DAF}.Release|x64.ActiveCfg = Release|x64
		{562ACDEA-880E-41D8-B2E7-92E565017DAF}.Release|x64.Build.0 = Release|x64
		{562ACDEA-880E-41D8-B2E7-92E565017DAF}.Release|x86.ActiveCfg = Release|Win32
		{562ACDEA-880E-41D8-B2E7-92E565017DAF}.Release|x86.Build.0 = Release|Win32
		{97799C78-6445-4D48-8B5F-EE09EC97DD1C}.Debug|x64.ActiveCfg = Debug|x64
		{97799C78-6445-4D48-8B5F-EE09EC97DD1C}.Debug|x64.Build.0 = Debug|x64
		{97799C78-6445-4D48-8B5F-EE09EC97DD1C}.Debug|x86.ActiveCfg = Debug|Win32
		{97799C78-6445-4D48-8B5F-EE09EC97DD1C}.Debug|x86.Build.0 = Debug|Win32
		{97799C78-6445-4D48-8B5F-EE09EC97DD1C}.Release|x64.ActiveCfg = Release|x64
		{97799C78-6445-4D48-8B5F-EE09EC97DD1C}.Release|x64.Build.0 = Release|x64
		{97799C78-6445-4D48-8B5F-EE09EC97DD1C}.Release|x86.ActiveCfg = Release|Win32
		{97799C78-6445-4D48-8B5F-EE09EC97DD1C}.Release|x86.Build.0 = Release|Win32
		{A39E4306-8E01-4C0F-8A9B-693769494302}.Debug|x64.ActiveCfg = Debug|x64
		{A39E4306-8E01-4C0F-8A9B-693769494302}.Debug|x64.Build.0 = Debug|x64
		{A39E4306-8E01-4C0F-8A9B-693769494302}.Debug|x86.ActiveCfg = Debug|Win32
		{A39E4306-8E01-4C0F-8A9B-693769494302}.Debug|x86.Build.0 = Debug|Win32
		{A39E4306-8E01-4C0F-8A9B-693769494302}.Release|x64.ActiveCfg = Release|x64
		{A39E4306-8E01-4C0F-8A9B-693769494302}.Release|x64.Build.0 = Release|x64
		{A39E4306-8E01-4C0F-8A9B-693769494302}.Release|x86.ActiveCfg = Release|Win32
		{A39E4306-8E01-4C0F-8A9B-693769494302}.Release|x86.Build.0 = Release|Win32
		{56C87E65-247C-4319-8FE5-50B110880568}.Debug|x64.ActiveCfg = Debug|x64
		{56C87E65-247C-4319-8FE5-50B110880568}.Debug|x64.Build.0 = Debug|x64
		{56C87E65-247C-4319-8FE5-50B110880568}.Debug|x86.ActiveCfg = Debug|Win32
		{56C87E65-247C-4319-8FE5-50B110880568}.Debug|x86.Build.0 = Debug|Win32
		{56C87E65-247C-4319-8FE5-50B110880568}.Release|x64.ActiveCfg = Release|x64
		{56C87E65-247C-4319-8FE5-50B110880568}.Release|x64.Build.0 = Release|x64
		{56C87E65-247C-4319-8FE5-50B110880568}.Release|x86.ActiveCfg = Release|Win32
		{56C87E65-247C-4319-8FE5-50B110880568}.Release|x86.Build.0 = Release|Win32
		{9BE43114-A1BC-49F4-9960-FC680DAE7F26}.Debug|x64.ActiveCfg = Debug|x64
		{9BE43114-A1BC-49F4-9960-FC680DAE7F26}.Debug|x64.Build.0 = Debug|x64
		{9BE43114-A1BC-49F4-9960-FC680DAE7F26}.Debug|x86.ActiveCfg = Debug|Win32
		{9BE43114-A1BC-49F4-9960-FC680DAE7F26}.Debug|x86.Build.0 = Debug|Win32
		{9BE43114-A1BC-49F4-9960-FC680DAE7F26}.Release|x64.ActiveCfg = Release|x64
		{9BE43114-A1BC-49F4-9960-FC680DAE7F26}.Release|x64.Build.0 = Release|x64
		{9BE43114-A1BC-49F4-9960-FC680DAE7F26}.Release|x86.ActiveCfg = Release|Win32
		{9BE43114-A1BC-49F4-9960-FC680DAE7F26}.Release|x86.Build.0 = Release|Win32
		{BDB84736-410C-4C7F-BD5D-A8E9FC0A162B}.Debug|x64.ActiveCfg = Debug|x64
		{BDB84736-410C-4C7F-BD5D-A8E9FC0A162B}.Debug|x64.Build.0 = Debug|x64
		{BDB84736-410C-4C7F-BD5D-A8E9FC0A162B}.Debug|x86.ActiveCfg = Debug|Win32
		{BDB84736-410C-4C7F-BD5D-A8E9FC0A162B}.Debug|x86.Build.0 = Debug|Win32
		{BDB84736-410C-4C7F-BD5D-A8E9FC0A162B}.Release|x64.ActiveCfg = Release|x64
		{BDB84736-410C-4C7F-BD5D-A8E9FC0A162B}.Release|x64.Build.0 = Release|x64
		{BDB84736-410C-4C7F-BD5D-A8E9FC0A162B}.Release|x86.ActiveCfg = Release|Win32
		{BDB84736-410C-4C7F-BD5D-A8E9FC0A162B}.Release|x86.Build.0 = Release|Win32
		{9F1599FC-B521-4813-A0AF-717FD12C2B14}.Debug|x64.ActiveCfg = Debug|x64
		{9F1599FC-B521-4813-A0AF-717FD12C2B14}.Debug|x64.Build.0 = Debug|x64
		{9F1599FC-B521-4813-A0AF-717FD12C2B14}.Debug|x86.ActiveCfg = Debug|Win32
		{9F1599FC-B521-4813-A0AF-717FD12C2B14}.Debug|x86.Build.0 = Debug|Win32
		{9F1599FC-B521-4813-A0AF-717FD12C2B14}.Release|x64.ActiveCfg = Release|x64
		{9F1599FC-B521-4813-A0AF-717FD12C2B14}.Release|x64.Build.0 = Release|x64
		{9F1599FC-B521-4813-A0AF-717FD12C2B14}.Release|x86.ActiveCfg = Release|Win32
		{9F1599FC-B521-4813-A0AF-717FD12C2B14}.Release|x86.Build.0 = Release|Win32
		{CD867C8D-8BBF-4AEE-9D8F-2ED544EE6E01}.Debug|x64.ActiveCfg = Debug|x64
		{CD867C8D-8BBF-4AEE-9D8F-2ED544EE6E01}.Debug|x64.Build.0 = Debug|x64
		{CD867C8D-8BBF-4AEE-9D8F-2ED544EE6E01}.Debug|x86.ActiveCfg = Debug|Win32
		{CD867C8D-8BBF-4AEE-9D8F-2ED544EE6E01}.Debug|x86.Build.0 = Debug|Win32
		{CD867C8D-8BBF-4AEE-9D8F-2ED544EE6E01}.Release|x64.ActiveCfg = Release|x64
		{CD867C8D-8BBF-4AEE-9D8F-2ED544EE6E01}.Release|x64.Build.0 = Release|x64
		{CD867C8D-8BBF-4AEE-9D8F-2ED544EE6E01}.Release|x86.ActiveCfg = Release|Win32
		{CD867C8D-8BBF-4AEE-9D8F-2ED544EE6E01}.Release|x86.Build.0 = Release|Win32
		{D183C6D0-59B2-4F87-A18A-77CFDCE1A15A}.Debug|x64.ActiveCfg = Debug|x64
		{D183C6D0-59B2-4F87-A18A-77CFDCE1A15A}.Debug|x64.Build.0 = Debug|x64
		{D183C6D0-59B2-4F87-A18A-77CFDCE1A15A}.Debug|x86.ActiveCfg = Debug|Win32
		{D183C6D0-59B2-4F87-A18A-77CFDCE1A15A}.Debug|x86.Build.0 = Debug|Win32
		{D183C6D0-59B2-4F87-A18A-77CFDCE1A15A}.Release|x64.ActiveCfg = Release|x64
		{D183C6D0-59B2-4F87-A18A-77CFDCE1A15A}.Release|x64.Build.0 = Release|x64
		{D183C6D0-59B2-4F87-A18A-77CFDCE1A15A}.Release|x86.ActiveCfg = Release|Win32
		{D183C6D0-59B2-4F87-A18A-77CFDCE1A15A}.Release|x86.Build.0 = Release|Win32
	EndGlobalSection
	GlobalSection(SolutionProperties) = preSolution
		HideSolutionNode = FALSE
	EndGlobalSection
	GlobalSection(ExtensibilityGlobals) = postSolution
		SolutionGuid = {0A12A928-9218-4981-8A25-2752644BA854}
	EndGlobalSection
EndGlobal
